
Microsoft Visual Studio Solution File, Format Version 12.00
# Visual Studio Version 16
VisualStudioVersion = 16.0.30330.147
MinimumVisualStudioVersion = 10.0.40219.1
Project("{FAE04EC0-301F-11D3-BF4B-00C04F79EFBC}") = "SchwiBot", "SchwiBot\SchwiBot.csproj", "{BA5BA6EC-AE6D-4B31-B935-B623F6935EC6}"
EndProject
Project("{FAE04EC0-301F-11D3-BF4B-00C04F79EFBC}") = "SchwiWeb", "SchwiWeb\SchwiWeb.csproj", "{73344BFF-833F-41AC-9538-319D5C238916}"
EndProject
Global
	GlobalSection(SolutionConfigurationPlatforms) = preSolution
		Debug|Any CPU = Debug|Any CPU
		Release|Any CPU = Release|Any CPU
	EndGlobalSection
	GlobalSection(ProjectConfigurationPlatforms) = postSolution
		{BA5BA6EC-AE6D-4B31-B935-B623F6935EC6}.Debug|Any CPU.ActiveCfg = Debug|Any CPU
		{BA5BA6EC-AE6D-4B31-B935-B623F6935EC6}.Debug|Any CPU.Build.0 = Debug|Any CPU
		{BA5BA6EC-AE6D-4B31-B935-B623F6935EC6}.Release|Any CPU.ActiveCfg = Release|Any CPU
		{BA5BA6EC-AE6D-4B31-B935-B623F6935EC6}.Release|Any CPU.Build.0 = Release|Any CPU
		{73344BFF-833F-41AC-9538-319D5C238916}.Debug|Any CPU.ActiveCfg = Debug|Any CPU
		{73344BFF-833F-41AC-9538-319D5C238916}.Debug|Any CPU.Build.0 = Debug|Any CPU
		{73344BFF-833F-41AC-9538-319D5C238916}.Release|Any CPU.ActiveCfg = Release|Any CPU
		{73344BFF-833F-41AC-9538-319D5C238916}.Release|Any CPU.Build.0 = Release|Any CPU
	EndGlobalSection
	GlobalSection(SolutionProperties) = preSolution
		HideSolutionNode = FALSE
	EndGlobalSection
	GlobalSection(ExtensibilityGlobals) = postSolution
		SolutionGuid = {C8A4593A-BFD4-4366-9FAD-A85635E29EDB}
	EndGlobalSection
EndGlobal
